
Microsoft Visual Studio Solution File, Format Version 12.00
# Visual Studio Version 17
VisualStudioVersion = 17.6.33815.320
MinimumVisualStudioVersion = 10.0.40219.1
Project("{FAE04EC0-301F-11D3-BF4B-00C04F79EFBC}") = "Trevi", "src/Trevi/Trevi.csproj", "{B18D9A98-DAE3-477A-B26C-E90C58DA7F24}"
EndProject
Global
	GlobalSection(SolutionConfigurationPlatforms) = preSolution
		Debug|Any CPU = Debug|Any CPU
		Release|Any CPU = Release|Any CPU
	EndGlobalSection
	GlobalSection(ProjectConfigurationPlatforms) = postSolution
		{B18D9A98-DAE3-477A-B26C-E90C58DA7F24}.Debug|Any CPU.ActiveCfg = Debug|Any CPU
		{B18D9A98-DAE3-477A-B26C-E90C58DA7F24}.Debug|Any CPU.Build.0 = Debug|Any CPU
		{B18D9A98-DAE3-477A-B26C-E90C58DA7F24}.Release|Any CPU.ActiveCfg = Release|Any CPU
		{B18D9A98-DAE3-477A-B26C-E90C58DA7F24}.Release|Any CPU.Build.0 = Release|Any CPU
	EndGlobalSection
	GlobalSection(SolutionProperties) = preSolution
		HideSolutionNode = FALSE
	EndGlobalSection
	GlobalSection(ExtensibilityGlobals) = postSolution
		SolutionGuid = {FDF85917-3858-4351-8B8E-3FF41080A65D}
	EndGlobalSection
EndGlobal
